
Microsoft Visual Studio Solution File, Format Version 12.00
# Visual Studio 15
VisualStudioVersion = 15.0.27004.2002
MinimumVisualStudioVersion = 10.0.40219.1
Project("{FAE04EC0-301F-11D3-BF4B-00C04F79EFBC}") = "ShareP", "ShareP\ShareP.csproj", "{B5D16DA5-BD38-44A2-958C-82211D3962D8}"
EndProject
Project("{FAE04EC0-301F-11D3-BF4B-00C04F79EFBC}") = "UnitTestProject", "UnitTestProject\UnitTestProject.csproj", "{3CB9AC13-E551-485F-A017-F09FD8FF1901}"
EndProject
Project("{54435603-DBB4-11D2-8724-00A0C9A8B90C}") = "SharePSetup", "SharePSetup\SharePSetup.vdproj", "{1A4A5985-61CE-4F2A-AFD7-491BD01677DC}"
EndProject
Global
	GlobalSection(SolutionConfigurationPlatforms) = preSolution
		Debug|Any CPU = Debug|Any CPU
		Release|Any CPU = Release|Any CPU
	EndGlobalSection
	GlobalSection(ProjectConfigurationPlatforms) = postSolution
		{B5D16DA5-BD38-44A2-958C-82211D3962D8}.Debug|Any CPU.ActiveCfg = Debug|Any CPU
		{B5D16DA5-BD38-44A2-958C-82211D3962D8}.Debug|Any CPU.Build.0 = Debug|Any CPU
		{B5D16DA5-BD38-44A2-958C-82211D3962D8}.Release|Any CPU.ActiveCfg = Release|Any CPU
		{B5D16DA5-BD38-44A2-958C-82211D3962D8}.Release|Any CPU.Build.0 = Release|Any CPU
		{3CB9AC13-E551-485F-A017-F09FD8FF1901}.Debug|Any CPU.ActiveCfg = Debug|Any CPU
		{3CB9AC13-E551-485F-A017-F09FD8FF1901}.Release|Any CPU.ActiveCfg = Release|Any CPU
		{1A4A5985-61CE-4F2A-AFD7-491BD01677DC}.Debug|Any CPU.ActiveCfg = Debug
		{1A4A5985-61CE-4F2A-AFD7-491BD01677DC}.Debug|Any CPU.Build.0 = Debug
		{1A4A5985-61CE-4F2A-AFD7-491BD01677DC}.Release|Any CPU.ActiveCfg = Release
		{1A4A5985-61CE-4F2A-AFD7-491BD01677DC}.Release|Any CPU.Build.0 = Release
	EndGlobalSection
	GlobalSection(SolutionProperties) = preSolution
		HideSolutionNode = FALSE
	EndGlobalSection
	GlobalSection(ExtensibilityGlobals) = postSolution
		SolutionGuid = {58D55B1A-B410-4111-B5EB-619B961CC2D9}
	EndGlobalSection
EndGlobal
