
Microsoft Visual Studio Solution File, Format Version 12.00
# Visual Studio 15
VisualStudioVersion = 15.0.27004.2002
MinimumVisualStudioVersion = 10.0.40219.1
Project("{FAE04EC0-301F-11D3-BF4B-00C04F79EFBC}") = "WCF.Server", "WCF.Server\WCF.Server.csproj", "{CDC6B9DA-3399-4DE1-8D7D-538408163A23}"
EndProject
Project("{FAE04EC0-301F-11D3-BF4B-00C04F79EFBC}") = "WCF.Client", "WCF.Client\WCF.Client.csproj", "{EDD254D3-3B86-4C03-A757-25AA6007F407}"
EndProject
Project("{FAE04EC0-301F-11D3-BF4B-00C04F79EFBC}") = "Stuff", "Stuff\Stuff.csproj", "{86D0F7A8-567A-46A5-8C58-EAD409F4334E}"
EndProject
Global
	GlobalSection(SolutionConfigurationPlatforms) = preSolution
		Debug|Any CPU = Debug|Any CPU
		Release|Any CPU = Release|Any CPU
	EndGlobalSection
	GlobalSection(ProjectConfigurationPlatforms) = postSolution
		{CDC6B9DA-3399-4DE1-8D7D-538408163A23}.Debug|Any CPU.ActiveCfg = Debug|Any CPU
		{CDC6B9DA-3399-4DE1-8D7D-538408163A23}.Debug|Any CPU.Build.0 = Debug|Any CPU
		{CDC6B9DA-3399-4DE1-8D7D-538408163A23}.Release|Any CPU.ActiveCfg = Release|Any CPU
		{CDC6B9DA-3399-4DE1-8D7D-538408163A23}.Release|Any CPU.Build.0 = Release|Any CPU
		{EDD254D3-3B86-4C03-A757-25AA6007F407}.Debug|Any CPU.ActiveCfg = Debug|Any CPU
		{EDD254D3-3B86-4C03-A757-25AA6007F407}.Debug|Any CPU.Build.0 = Debug|Any CPU
		{EDD254D3-3B86-4C03-A757-25AA6007F407}.Release|Any CPU.ActiveCfg = Release|Any CPU
		{EDD254D3-3B86-4C03-A757-25AA6007F407}.Release|Any CPU.Build.0 = Release|Any CPU
		{86D0F7A8-567A-46A5-8C58-EAD409F4334E}.Debug|Any CPU.ActiveCfg = Debug|Any CPU
		{86D0F7A8-567A-46A5-8C58-EAD409F4334E}.Debug|Any CPU.Build.0 = Debug|Any CPU
		{86D0F7A8-567A-46A5-8C58-EAD409F4334E}.Release|Any CPU.ActiveCfg = Release|Any CPU
		{86D0F7A8-567A-46A5-8C58-EAD409F4334E}.Release|Any CPU.Build.0 = Release|Any CPU
	EndGlobalSection
	GlobalSection(SolutionProperties) = preSolution
		HideSolutionNode = FALSE
	EndGlobalSection
	GlobalSection(ExtensibilityGlobals) = postSolution
		SolutionGuid = {5C05B19C-92A2-492F-97E1-3772DFBE369F}
	EndGlobalSection
EndGlobal
